
Microsoft Visual Studio Solution File, Format Version 12.00
# Visual Studio Version 17
VisualStudioVersion = 17.4.33213.308
MinimumVisualStudioVersion = 10.0.40219.1
Project("{FAE04EC0-301F-11D3-BF4B-00C04F79EFBC}") = "Animales", "Animales\Animales.csproj", "{50270AFA-A533-465B-87A9-9E555E65C7AA}"
EndProject
Global
	GlobalSection(SolutionConfigurationPlatforms) = preSolution
		Debug|Any CPU = Debug|Any CPU
		Release|Any CPU = Release|Any CPU
	EndGlobalSection
	GlobalSection(ProjectConfigurationPlatforms) = postSolution
		{50270AFA-A533-465B-87A9-9E555E65C7AA}.Debug|Any CPU.ActiveCfg = Debug|Any CPU
		{50270AFA-A533-465B-87A9-9E555E65C7AA}.Debug|Any CPU.Build.0 = Debug|Any CPU
		{50270AFA-A533-465B-87A9-9E555E65C7AA}.Release|Any CPU.ActiveCfg = Release|Any CPU
		{50270AFA-A533-465B-87A9-9E555E65C7AA}.Release|Any CPU.Build.0 = Release|Any CPU
	EndGlobalSection
	GlobalSection(SolutionProperties) = preSolution
		HideSolutionNode = FALSE
	EndGlobalSection
	GlobalSection(ExtensibilityGlobals) = postSolution
		SolutionGuid = {AF0410EE-93E7-49E3-9DFC-6221986DFA5C}
	EndGlobalSection
EndGlobal
